
Microsoft Visual Studio Solution File, Format Version 12.00
# Visual Studio 15
VisualStudioVersion = 15.0.27130.2026
MinimumVisualStudioVersion = 10.0.40219.1
Project("{FAE04EC0-301F-11D3-BF4B-00C04F79EFBC}") = "NetflixScrape", "NetflixScrape\NetflixScrape.csproj", "{86AC8CC6-1069-4300-B3B8-A76E7B0A1592}"
EndProject
Project("{FAE04EC0-301F-11D3-BF4B-00C04F79EFBC}") = "DemoScrapeClient", "DemoScrapeClient\DemoScrapeClient.csproj", "{6BE49665-F1C6-456F-9711-FADE2EE19844}"
EndProject
Global
	GlobalSection(SolutionConfigurationPlatforms) = preSolution
		Debug|Any CPU = Debug|Any CPU
		Release|Any CPU = Release|Any CPU
	EndGlobalSection
	GlobalSection(ProjectConfigurationPlatforms) = postSolution
		{86AC8CC6-1069-4300-B3B8-A76E7B0A1592}.Debug|Any CPU.ActiveCfg = Debug|Any CPU
		{86AC8CC6-1069-4300-B3B8-A76E7B0A1592}.Debug|Any CPU.Build.0 = Debug|Any CPU
		{86AC8CC6-1069-4300-B3B8-A76E7B0A1592}.Release|Any CPU.ActiveCfg = Release|Any CPU
		{86AC8CC6-1069-4300-B3B8-A76E7B0A1592}.Release|Any CPU.Build.0 = Release|Any CPU
		{6BE49665-F1C6-456F-9711-FADE2EE19844}.Debug|Any CPU.ActiveCfg = Debug|Any CPU
		{6BE49665-F1C6-456F-9711-FADE2EE19844}.Debug|Any CPU.Build.0 = Debug|Any CPU
		{6BE49665-F1C6-456F-9711-FADE2EE19844}.Release|Any CPU.ActiveCfg = Release|Any CPU
		{6BE49665-F1C6-456F-9711-FADE2EE19844}.Release|Any CPU.Build.0 = Release|Any CPU
	EndGlobalSection
	GlobalSection(SolutionProperties) = preSolution
		HideSolutionNode = FALSE
	EndGlobalSection
	GlobalSection(ExtensibilityGlobals) = postSolution
		SolutionGuid = {F2340920-C855-401A-BBAF-FF6C2FABC8A8}
	EndGlobalSection
EndGlobal
